
Microsoft Visual Studio Solution File, Format Version 12.00
# Visual Studio 15
VisualStudioVersion = 15.0.28307.168
MinimumVisualStudioVersion = 10.0.40219.1
Project("{FAE04EC0-301F-11D3-BF4B-00C04F79EFBC}") = "MyFirstWebProject", "MyFirstWebProject\MyFirstWebProject.csproj", "{6237B95D-7E80-4EE4-ABB1-79334B34B71D}"
EndProject
Global
	GlobalSection(SolutionConfigurationPlatforms) = preSolution
		Debug|Any CPU = Debug|Any CPU
		Release|Any CPU = Release|Any CPU
	EndGlobalSection
	GlobalSection(ProjectConfigurationPlatforms) = postSolution
		{6237B95D-7E80-4EE4-ABB1-79334B34B71D}.Debug|Any CPU.ActiveCfg = Debug|Any CPU
		{6237B95D-7E80-4EE4-ABB1-79334B34B71D}.Debug|Any CPU.Build.0 = Debug|Any CPU
		{6237B95D-7E80-4EE4-ABB1-79334B34B71D}.Release|Any CPU.ActiveCfg = Release|Any CPU
		{6237B95D-7E80-4EE4-ABB1-79334B34B71D}.Release|Any CPU.Build.0 = Release|Any CPU
	EndGlobalSection
	GlobalSection(SolutionProperties) = preSolution
		HideSolutionNode = FALSE
	EndGlobalSection
	GlobalSection(ExtensibilityGlobals) = postSolution
		SolutionGuid = {11A90CDE-2E79-458E-A8C3-0C492854F0FF}
	EndGlobalSection
EndGlobal
